
Microsoft Visual Studio Solution File, Format Version 12.00
# Visual Studio Version 17
VisualStudioVersion = 17.14.36310.24 d17.14
MinimumVisualStudioVersion = 10.0.40219.1
Project("{888888A0-9F3D-457C-B088-3A5042F75D52}") = "run_script", "run_script\run_script.pyproj", "{C3349FA9-D1E1-49C2-9295-6B779238900E}"
EndProject
Global
	GlobalSection(SolutionConfigurationPlatforms) = preSolution
		Debug|Any CPU = Debug|Any CPU
		Release|Any CPU = Release|Any CPU
	EndGlobalSection
	GlobalSection(ProjectConfigurationPlatforms) = postSolution
		{C3349FA9-D1E1-49C2-9295-6B779238900E}.Debug|Any CPU.ActiveCfg = Debug|Any CPU
		{C3349FA9-D1E1-49C2-9295-6B779238900E}.Release|Any CPU.ActiveCfg = Release|Any CPU
	EndGlobalSection
	GlobalSection(SolutionProperties) = preSolution
		HideSolutionNode = FALSE
	EndGlobalSection
	GlobalSection(ExtensibilityGlobals) = postSolution
		SolutionGuid = {3D57967D-BA4D-460F-BD31-BBA9D16441DD}
	EndGlobalSection
EndGlobal
