
Microsoft Visual Studio Solution File, Format Version 12.00
# Visual Studio Version 17
VisualStudioVersion = 17.14.36310.24 d17.14
MinimumVisualStudioVersion = 10.0.40219.1
Project("{8BC9CEB8-8B4A-11D0-8D11-00A0C91BC942}") = "2025_08_04_Baekjoon_2", "2025_08_04_Baekjoon_2\2025_08_04_Baekjoon_2.vcxproj", "{CCA68510-E2F8-4B9F-B668-692C69002367}"
EndProject
Global
	GlobalSection(SolutionConfigurationPlatforms) = preSolution
		Debug|x64 = Debug|x64
		Debug|x86 = Debug|x86
		Release|x64 = Release|x64
		Release|x86 = Release|x86
	EndGlobalSection
	GlobalSection(ProjectConfigurationPlatforms) = postSolution
		{CCA68510-E2F8-4B9F-B668-692C69002367}.Debug|x64.ActiveCfg = Debug|x64
		{CCA68510-E2F8-4B9F-B668-692C69002367}.Debug|x64.Build.0 = Debug|x64
		{CCA68510-E2F8-4B9F-B668-692C69002367}.Debug|x86.ActiveCfg = Debug|Win32
		{CCA68510-E2F8-4B9F-B668-692C69002367}.Debug|x86.Build.0 = Debug|Win32
		{CCA68510-E2F8-4B9F-B668-692C69002367}.Release|x64.ActiveCfg = Release|x64
		{CCA68510-E2F8-4B9F-B668-692C69002367}.Release|x64.Build.0 = Release|x64
		{CCA68510-E2F8-4B9F-B668-692C69002367}.Release|x86.ActiveCfg = Release|Win32
		{CCA68510-E2F8-4B9F-B668-692C69002367}.Release|x86.Build.0 = Release|Win32
	EndGlobalSection
	GlobalSection(SolutionProperties) = preSolution
		HideSolutionNode = FALSE
	EndGlobalSection
	GlobalSection(ExtensibilityGlobals) = postSolution
		SolutionGuid = {3CBC7BA5-6E51-4C0F-9D77-95A15B5C043D}
	EndGlobalSection
EndGlobal
